
Microsoft Visual Studio Solution File, Format Version 12.00
# Visual Studio Version 16
VisualStudioVersion = 16.6.30114.105
MinimumVisualStudioVersion = 10.0.40219.1
Project("{2150E333-8FDC-42A3-9474-1A3956D46DE8}") = "Services", "Services", "{0764908A-D8F8-4785-961B-F14A652BA8A4}"
EndProject
Project("{2150E333-8FDC-42A3-9474-1A3956D46DE8}") = "Catalog", "Catalog", "{957A5615-7F6E-400B-83FE-AD59D2585369}"
EndProject
Project("{FAE04EC0-301F-11D3-BF4B-00C04F79EFBC}") = "FreeCourse.Services.Catalog", "Services\Catalog\FreeCourse.Services.Catalog\FreeCourse.Services.Catalog.csproj", "{9282D08D-4F1B-4227-B5CB-506EBEA188E5}"
EndProject
Project("{2150E333-8FDC-42A3-9474-1A3956D46DE8}") = "Solution Items", "Solution Items", "{AE4B280D-084E-4526-81BC-F842C123B43B}"
	ProjectSection(SolutionItems) = preProject
		Ports.txt = Ports.txt
	EndProjectSection
EndProject
Global
	GlobalSection(SolutionConfigurationPlatforms) = preSolution
		Debug|Any CPU = Debug|Any CPU
		Debug|x64 = Debug|x64
		Debug|x86 = Debug|x86
		Release|Any CPU = Release|Any CPU
		Release|x64 = Release|x64
		Release|x86 = Release|x86
	EndGlobalSection
	GlobalSection(ProjectConfigurationPlatforms) = postSolution
		{9282D08D-4F1B-4227-B5CB-506EBEA188E5}.Debug|Any CPU.ActiveCfg = Debug|Any CPU
		{9282D08D-4F1B-4227-B5CB-506EBEA188E5}.Debug|Any CPU.Build.0 = Debug|Any CPU
		{9282D08D-4F1B-4227-B5CB-506EBEA188E5}.Debug|x64.ActiveCfg = Debug|Any CPU
		{9282D08D-4F1B-4227-B5CB-506EBEA188E5}.Debug|x64.Build.0 = Debug|Any CPU
		{9282D08D-4F1B-4227-B5CB-506EBEA188E5}.Debug|x86.ActiveCfg = Debug|Any CPU
		{9282D08D-4F1B-4227-B5CB-506EBEA188E5}.Debug|x86.Build.0 = Debug|Any CPU
		{9282D08D-4F1B-4227-B5CB-506EBEA188E5}.Release|Any CPU.ActiveCfg = Release|Any CPU
		{9282D08D-4F1B-4227-B5CB-506EBEA188E5}.Release|Any CPU.Build.0 = Release|Any CPU
		{9282D08D-4F1B-4227-B5CB-506EBEA188E5}.Release|x64.ActiveCfg = Release|Any CPU
		{9282D08D-4F1B-4227-B5CB-506EBEA188E5}.Release|x64.Build.0 = Release|Any CPU
		{9282D08D-4F1B-4227-B5CB-506EBEA188E5}.Release|x86.ActiveCfg = Release|Any CPU
		{9282D08D-4F1B-4227-B5CB-506EBEA188E5}.Release|x86.Build.0 = Release|Any CPU
	EndGlobalSection
	GlobalSection(SolutionProperties) = preSolution
		HideSolutionNode = FALSE
	EndGlobalSection
	GlobalSection(NestedProjects) = preSolution
		{957A5615-7F6E-400B-83FE-AD59D2585369} = {0764908A-D8F8-4785-961B-F14A652BA8A4}
		{9282D08D-4F1B-4227-B5CB-506EBEA188E5} = {957A5615-7F6E-400B-83FE-AD59D2585369}
	EndGlobalSection
	GlobalSection(ExtensibilityGlobals) = postSolution
		SolutionGuid = {94BACE79-3BA8-4E2D-8C92-ABC1BE10A008}
	EndGlobalSection
EndGlobal
